
Microsoft Visual Studio Solution File, Format Version 12.00
# Visual Studio Version 17
VisualStudioVersion = 17.7.34221.43
MinimumVisualStudioVersion = 10.0.40219.1
Project("{FAE04EC0-301F-11D3-BF4B-00C04F79EFBC}") = "MWOW", "MWOW\MWOW.csproj", "{6FC9FE0F-4580-46FB-91D4-89DD4EA085A3}"
EndProject
Global
	GlobalSection(SolutionConfigurationPlatforms) = preSolution
		Debug|Any CPU = Debug|Any CPU
		Release|Any CPU = Release|Any CPU
	EndGlobalSection
	GlobalSection(ProjectConfigurationPlatforms) = postSolution
		{6FC9FE0F-4580-46FB-91D4-89DD4EA085A3}.Debug|Any CPU.ActiveCfg = Debug|Any CPU
		{6FC9FE0F-4580-46FB-91D4-89DD4EA085A3}.Debug|Any CPU.Build.0 = Debug|Any CPU
		{6FC9FE0F-4580-46FB-91D4-89DD4EA085A3}.Release|Any CPU.ActiveCfg = Release|Any CPU
		{6FC9FE0F-4580-46FB-91D4-89DD4EA085A3}.Release|Any CPU.Build.0 = Release|Any CPU
	EndGlobalSection
	GlobalSection(SolutionProperties) = preSolution
		HideSolutionNode = FALSE
	EndGlobalSection
	GlobalSection(ExtensibilityGlobals) = postSolution
		SolutionGuid = {B7BCADCE-0C65-49A3-8ABD-FC63D73029A2}
	EndGlobalSection
EndGlobal
